{
    "_readme": [
        "This file locks the dependencies of your project to a known state",
        "Read more about it at https://getcomposer.org/doc/01-basic-usage.md#composer-lock-the-lock-file",
        "This file is @generated automatically"
    ],
    "hash": "2981b4920d6170539870a9b006300698",
    "content-hash": "6570bf1a1ac7f34fb4db15d9e7f0307b",
    "packages": [
        {
            "name": "incenteev/composer-parameter-handler",
            "version": "v2.1.2",
            "source": {
                "type": "git",
                "url": "https://github.com/Incenteev/ParameterHandler.git",
                "reference": "d7ce7f06136109e81d1cb9d57066c4d4a99cf1cc"
            },
            "dist": {
                "type": "zip",
                "url": "https://api.github.com/repos/Incenteev/ParameterHandler/zipball/d7ce7f06136109e81d1cb9d57066c4d4a99cf1cc",
                "reference": "d7ce7f06136109e81d1cb9d57066c4d4a99cf1cc",
                "shasum": ""
            },
            "require": {
                "php": ">=5.3.3",
                "symfony/yaml": "~2.3|~3.0"
            },
            "require-dev": {
                "composer/composer": "1.0.*@dev",
                "phpspec/prophecy-phpunit": "~1.0",
                "symfony/filesystem": "~2.2"
            },
            "type": "library",
            "extra": {
                "branch-alias": {
                    "dev-master": "2.1.x-dev"
                }
            },
            "autoload": {
                "psr-4": {
                    "Incenteev\\ParameterHandler\\": ""
                }
            },
            "notification-url": "https://packagist.org/downloads/",
            "license": [
                "MIT"
            ],
            "authors": [
                {
                    "name": "Christophe Coevoet",
                    "email": "stof@notk.org"
                }
            ],
            "description": "Composer script handling your ignored parameter file",
            "homepage": "https://github.com/Incenteev/ParameterHandler",
            "keywords": [
                "parameters management"
            ],
            "time": "2015-11-10 17:04:01"
        },
        {
            "name": "rozehnal/environment-parameters",
            "version": "dev-master",
            "source": {
                "type": "git",
                "url": "https://github.com/rozehnal/environment-parameters.git",
                "reference": "4b930933dcdf851a2d3c72821a5161d7af7440e7"
            },
            "dist": {
                "type": "zip",
                "url": "https://api.github.com/repos/rozehnal/environment-parameters/zipball/4b930933dcdf851a2d3c72821a5161d7af7440e7",
                "reference": "4b930933dcdf851a2d3c72821a5161d7af7440e7",
                "shasum": ""
            },
            "require": {
                "incenteev/composer-parameter-handler": "~2.0",
                "php": ">=5.3.3",
                "symfony/yaml": "~2.3|~3.0"
            },
            "require-dev": {
                "composer/composer": "1.0.*@dev"
            },
            "type": "library",
            "extra": {
                "branch-alias": {
                    "dev-master": "0.x-dev"
                }
            },
            "autoload": {
                "psr-4": {
                    "Paro\\BuildParametersHandler\\": ""
                }
            },
            "license": [
                "MIT"
            ],
            "authors": [
                {
                    "name": "Pavel Rozehnal",
                    "email": "rozehnal@gmail.com"
                }
            ],
            "description": "Composer script building your detached parameters for deploying the app. Build above the great incenteev/composer-parameter-handler library.",
            "homepage": "https://github.com/rozehnal/environment-parameters",
            "keywords": [
                "parameters management"
            ],
            "support": {
                "source": "https://github.com/rozehnal/environment-parameters/tree/master",
                "issues": "https://github.com/rozehnal/environment-parameters/issues"
            },
            "time": "2017-02-23 11:53:42"
        },
        {
            "name": "symfony/yaml",
            "version": "v3.2.4",
            "source": {
                "type": "git",
                "url": "https://github.com/symfony/yaml.git",
                "reference": "9724c684646fcb5387d579b4bfaa63ee0b0c64c8"
            },
            "dist": {
                "type": "zip",
                "url": "https://api.github.com/repos/symfony/yaml/zipball/9724c684646fcb5387d579b4bfaa63ee0b0c64c8",
                "reference": "9724c684646fcb5387d579b4bfaa63ee0b0c64c8",
                "shasum": ""
            },
            "require": {
                "php": ">=5.5.9"
            },
            "require-dev": {
                "symfony/console": "~2.8|~3.0"
            },
            "suggest": {
                "symfony/console": "For validating YAML files using the lint command"
            },
            "type": "library",
            "extra": {
                "branch-alias": {
                    "dev-master": "3.2-dev"
                }
            },
            "autoload": {
                "psr-4": {
                    "Symfony\\Component\\Yaml\\": ""
                },
                "exclude-from-classmap": [
                    "/Tests/"
                ]
            },
            "notification-url": "https://packagist.org/downloads/",
            "license": [
                "MIT"
            ],
            "authors": [
                {
                    "name": "Fabien Potencier",
                    "email": "fabien@symfony.com"
                },
                {
                    "name": "Symfony Community",
                    "homepage": "https://symfony.com/contributors"
                }
            ],
            "description": "Symfony Yaml Component",
            "homepage": "https://symfony.com",
            "time": "2017-02-16 22:46:52"
        }
    ],
    "packages-dev": [],
    "aliases": [],
    "minimum-stability": "stable",
    "stability-flags": {
        "rozehnal/environment-parameters": 20
    },
    "prefer-stable": false,
    "prefer-lowest": false,
    "platform": [],
    "platform-dev": []
}
